
Microsoft Visual Studio Solution File, Format Version 12.00
# Visual Studio Version 17
VisualStudioVersion = 17.10.35027.167
MinimumVisualStudioVersion = 10.0.40219.1
Project("{FAE04EC0-301F-11D3-BF4B-00C04F79EFBC}") = "Laboratorio3", "Laboratorio3\Laboratorio3.csproj", "{CCE99105-D1E0-441E-8F99-9E848DA80DA2}"
EndProject
Global
	GlobalSection(SolutionConfigurationPlatforms) = preSolution
		Debug|Any CPU = Debug|Any CPU
		Release|Any CPU = Release|Any CPU
	EndGlobalSection
	GlobalSection(ProjectConfigurationPlatforms) = postSolution
		{CCE99105-D1E0-441E-8F99-9E848DA80DA2}.Debug|Any CPU.ActiveCfg = Debug|Any CPU
		{CCE99105-D1E0-441E-8F99-9E848DA80DA2}.Debug|Any CPU.Build.0 = Debug|Any CPU
		{CCE99105-D1E0-441E-8F99-9E848DA80DA2}.Release|Any CPU.ActiveCfg = Release|Any CPU
		{CCE99105-D1E0-441E-8F99-9E848DA80DA2}.Release|Any CPU.Build.0 = Release|Any CPU
	EndGlobalSection
	GlobalSection(SolutionProperties) = preSolution
		HideSolutionNode = FALSE
	EndGlobalSection
	GlobalSection(ExtensibilityGlobals) = postSolution
		SolutionGuid = {D9452313-FE0D-404E-A324-453D916947CB}
	EndGlobalSection
EndGlobal
